// !$*UTF8*$!
{
	archiveVersion = 1;
	classes = {
	};
	objectVersion = 60;
	objects = {

/* Begin PBXBuildFile section */
		28680D272C05EE53006D1DD8 /* WorldClockView.swift in Sources */ = {isa = PBXBuildFile; fileRef = 28680D262C05EE53006D1DD8 /* WorldClockView.swift */; };
		28680D2A2C05EE71006D1DD8 /* WorldClockLocationView.swift in Sources */ = {isa = PBXBuildFile; fileRef = 28680D292C05EE71006D1DD8 /* WorldClockLocationView.swift */; };
		28680D2D2C0606FF006D1DD8 /* Constants.swift in Sources */ = {isa = PBXBuildFile; fileRef = 28680D2C2C0606FF006D1DD8 /* Constants.swift */; };
		28C0BC022BFCD1EA00D26036 /* AppleClockApp.swift in Sources */ = {isa = PBXBuildFile; fileRef = 28C0BC012BFCD1EA00D26036 /* AppleClockApp.swift */; };
		28C0BC042BFCD1EA00D26036 /* ContentView.swift in Sources */ = {isa = PBXBuildFile; fileRef = 28C0BC032BFCD1EA00D26036 /* ContentView.swift */; };
		28C0BC062BFCD1EB00D26036 /* Assets.xcassets in Resources */ = {isa = PBXBuildFile; fileRef = 28C0BC052BFCD1EB00D26036 /* Assets.xcassets */; };
		28C0BC092BFCD1EB00D26036 /* Preview Assets.xcassets in Resources */ = {isa = PBXBuildFile; fileRef = 28C0BC082BFCD1EB00D26036 /* Preview Assets.xcassets */; };
		28C82DDB2C0E33B0008F11ED /* WorldClockModel.swift in Sources */ = {isa = PBXBuildFile; fileRef = 28C82DDA2C0E33B0008F11ED /* WorldClockModel.swift */; };
/* End PBXBuildFile section */

/* Begin PBXFileReference section */
		28680D262C05EE53006D1DD8 /* WorldClockView.swift */ = {isa = PBXFileReference; lastKnownFileType = sourcecode.swift; path = WorldClockView.swift; sourceTree = "<group>"; };
		28680D292C05EE71006D1DD8 /* WorldClockLocationView.swift */ = {isa = PBXFileReference; lastKnownFileType = sourcecode.swift; path = WorldClockLocationView.swift; sourceTree = "<group>"; };
		28680D2C2C0606FF006D1DD8 /* Constants.swift */ = {isa = PBXFileReference; lastKnownFileType = sourcecode.swift; path = Constants.swift; sourceTree = "<group>"; };
		287423962BFCDEC00090EAB0 /* README.md */ = {isa = PBXFileReference; lastKnownFileType = net.daringfireball.markdown; path = README.md; sourceTree = "<group>"; };
		28C0BBFE2BFCD1EA00D26036 /* AppleClock.app */ = {isa = PBXFileReference; explicitFileType = wrapper.application; includeInIndex = 0; path = AppleClock.app; sourceTree = BUILT_PRODUCTS_DIR; };
		28C0BC012BFCD1EA00D26036 /* AppleClockApp.swift */ = {isa = PBXFileReference; lastKnownFileType = sourcecode.swift; path = AppleClockApp.swift; sourceTree = "<group>"; };
		28C0BC032BFCD1EA00D26036 /* ContentView.swift */ = {isa = PBXFileReference; lastKnownFileType = sourcecode.swift; path = ContentView.swift; sourceTree = "<group>"; };
		28C0BC052BFCD1EB00D26036 /* Assets.xcassets */ = {isa = PBXFileReference; lastKnownFileType = folder.assetcatalog; path = Assets.xcassets; sourceTree = "<group>"; };
		28C0BC082BFCD1EB00D26036 /* Preview Assets.xcassets */ = {isa = PBXFileReference; lastKnownFileType = folder.assetcatalog; path = "Preview Assets.xcassets"; sourceTree = "<group>"; };
		28C82DDA2C0E33B0008F11ED /* WorldClockModel.swift */ = {isa = PBXFileReference; lastKnownFileType = sourcecode.swift; path = WorldClockModel.swift; sourceTree = "<group>"; };
/* End PBXFileReference section */

/* Begin PBXFrameworksBuildPhase section */
		28C0BBFB2BFCD1EA00D26036 /* Frameworks */ = {
			isa = PBXFrameworksBuildPhase;
			buildActionMask = 2147483647;
			files = (
			);
			runOnlyForDeploymentPostprocessing = 0;
		};
/* End PBXFrameworksBuildPhase section */

/* Begin PBXGroup section */
		28680D222C05EDE3006D1DD8 /* WorldClock */ = {
			isa = PBXGroup;
			children = (
				28680D262C05EE53006D1DD8 /* WorldClockView.swift */,
				28680D292C05EE71006D1DD8 /* WorldClockLocationView.swift */,
				28C82DDA2C0E33B0008F11ED /* WorldClockModel.swift */,
			);
			path = WorldClock;
			sourceTree = "<group>";
		};
		28680D232C05EDF5006D1DD8 /* Alarms */ = {
			isa = PBXGroup;
			children = (
			);
			path = Alarms;
			sourceTree = "<group>";
		};
		28680D242C05EE04006D1DD8 /* Stopwatch */ = {
			isa = PBXGroup;
			children = (
			);
			path = Stopwatch;
			sourceTree = "<group>";
		};
		28680D252C05EE13006D1DD8 /* Timers */ = {
			isa = PBXGroup;
			children = (
			);
			path = Timers;
			sourceTree = "<group>";
		};
		28680D2B2C0606F1006D1DD8 /* Shared */ = {
			isa = PBXGroup;
			children = (
				28680D2C2C0606FF006D1DD8 /* Constants.swift */,
			);
			path = Shared;
			sourceTree = "<group>";
		};
		289894942C00C350004C5178 /* Views */ = {
			isa = PBXGroup;
			children = (
				28680D222C05EDE3006D1DD8 /* WorldClock */,
				28680D232C05EDF5006D1DD8 /* Alarms */,
				28680D242C05EE04006D1DD8 /* Stopwatch */,
				28680D252C05EE13006D1DD8 /* Timers */,
				28C0BC032BFCD1EA00D26036 /* ContentView.swift */,
			);
			path = Views;
			sourceTree = "<group>";
		};
		28C0BBF52BFCD1EA00D26036 = {
			isa = PBXGroup;
			children = (
				287423962BFCDEC00090EAB0 /* README.md */,
				28C0BC002BFCD1EA00D26036 /* AppleClock */,
				28C0BBFF2BFCD1EA00D26036 /* Products */,
			);
			sourceTree = "<group>";
		};
		28C0BBFF2BFCD1EA00D26036 /* Products */ = {
			isa = PBXGroup;
			children = (
				28C0BBFE2BFCD1EA00D26036 /* AppleClock.app */,
			);
			name = Products;
			sourceTree = "<group>";
		};
		28C0BC002BFCD1EA00D26036 /* AppleClock */ = {
			isa = PBXGroup;
			children = (
				28680D2B2C0606F1006D1DD8 /* Shared */,
				289894942C00C350004C5178 /* Views */,
				28C0BC012BFCD1EA00D26036 /* AppleClockApp.swift */,
				28C0BC052BFCD1EB00D26036 /* Assets.xcassets */,
				28C0BC072BFCD1EB00D26036 /* Preview Content */,
			);
			path = AppleClock;
			sourceTree = "<group>";
		};
		28C0BC072BFCD1EB00D26036 /* Preview Content */ = {
			isa = PBXGroup;
			children = (
				28C0BC082BFCD1EB00D26036 /* Preview Assets.xcassets */,
			);
			path = "Preview Content";
			sourceTree = "<group>";
		};
/* End PBXGroup section */

/* Begin PBXNativeTarget section */
		28C0BBFD2BFCD1EA00D26036 /* AppleClock */ = {
			isa = PBXNativeTarget;
			buildConfigurationList = 28C0BC0C2BFCD1EB00D26036 /* Build configuration list for PBXNativeTarget "AppleClock" */;
			buildPhases = (
				28C0BBFA2BFCD1EA00D26036 /* Sources */,
				28C0BBFB2BFCD1EA00D26036 /* Frameworks */,
				28C0BBFC2BFCD1EA00D26036 /* Resources */,
			);
			buildRules = (
			);
			dependencies = (
			);
			name = AppleClock;
			productName = AppleClock;
			productReference = 28C0BBFE2BFCD1EA00D26036 /* AppleClock.app */;
			productType = "com.apple.product-type.application";
		};
/* End PBXNativeTarget section */

/* Begin PBXProject section */
		28C0BBF62BFCD1EA00D26036 /* Project object */ = {
			isa = PBXProject;
			attributes = {
				BuildIndependentTargetsInParallel = 1;
				LastSwiftUpdateCheck = 1540;
				LastUpgradeCheck = 1540;
				TargetAttributes = {
					28C0BBFD2BFCD1EA00D26036 = {
						CreatedOnToolsVersion = 15.4;
					};
				};
			};
			buildConfigurationList = 28C0BBF92BFCD1EA00D26036 /* Build configuration list for PBXProject "AppleClock" */;
			compatibilityVersion = "Xcode 15.0";
			developmentRegion = en;
			hasScannedForEncodings = 0;
			knownRegions = (
				en,
				Base,
			);
			mainGroup = 28C0BBF52BFCD1EA00D26036;
			productRefGroup = 28C0BBFF2BFCD1EA00D26036 /* Products */;
			projectDirPath = "";
			projectRoot = "";
			targets = (
				28C0BBFD2BFCD1EA00D26036 /* AppleClock */,
			);
		};
/* End PBXProject section */

/* Begin PBXResourcesBuildPhase section */
		28C0BBFC2BFCD1EA00D26036 /* Resources */ = {
			isa = PBXResourcesBuildPhase;
			buildActionMask = 2147483647;
			files = (
				28C0BC092BFCD1EB00D26036 /* Preview Assets.xcassets in Resources */,
				28C0BC062BFCD1EB00D26036 /* Assets.xcassets in Resources */,
			);
			runOnlyForDeploymentPostprocessing = 0;
		};
/* End PBXResourcesBuildPhase section */

/* Begin PBXSourcesBuildPhase section */
		28C0BBFA2BFCD1EA00D26036 /* Sources */ = {
			isa = PBXSourcesBuildPhase;
			buildActionMask = 2147483647;
			files = (
				28680D2D2C0606FF006D1DD8 /* Constants.swift in Sources */,
				28C82DDB2C0E33B0008F11ED /* WorldClockModel.swift in Sources */,
				28C0BC042BFCD1EA00D26036 /* ContentView.swift in Sources */,
				28680D272C05EE53006D1DD8 /* WorldClockView.swift in Sources */,
				28C0BC022BFCD1EA00D26036 /* AppleClockApp.swift in Sources */,
				28680D2A2C05EE71006D1DD8 /* WorldClockLocationView.swift in Sources */,
			);
			runOnlyForDeploymentPostprocessing = 0;
		};
/* End PBXSourcesBuildPhase section */

/* Begin XCBuildConfiguration section */
		28C0BC0A2BFCD1EB00D26036 /* Debug */ = {
			isa = XCBuildConfiguration;
			buildSettings = {
				ALWAYS_SEARCH_USER_PATHS = NO;
				ASSETCATALOG_COMPILER_GENERATE_SWIFT_ASSET_SYMBOL_EXTENSIONS = YES;
				CLANG_ANALYZER_NONNULL = YES;
				CLANG_ANALYZER_NUMBER_OBJECT_CONVERSION = YES_AGGRESSIVE;
				CLANG_CXX_LANGUAGE_STANDARD = "gnu++20";
				CLANG_ENABLE_MODULES = YES;
				CLANG_ENABLE_OBJC_ARC = YES;
				CLANG_ENABLE_OBJC_WEAK = YES;
				CLANG_WARN_BLOCK_CAPTURE_AUTORELEASING = YES;
				CLANG_WARN_BOOL_CONVERSION = YES;
				CLANG_WARN_COMMA = YES;
				CLANG_WARN_CONSTANT_CONVERSION = YES;
				CLANG_WARN_DEPRECATED_OBJC_IMPLEMENTATIONS = YES;
				CLANG_WARN_DIRECT_OBJC_ISA_USAGE = YES_ERROR;
				CLANG_WARN_DOCUMENTATION_COMMENTS = YES;
				CLANG_WARN_EMPTY_BODY = YES;
				CLANG_WARN_ENUM_CONVERSION = YES;
				CLANG_WARN_INFINITE_RECURSION = YES;
				CLANG_WARN_INT_CONVERSION = YES;
				CLANG_WARN_NON_LITERAL_NULL_CONVERSION = YES;
				CLANG_WARN_OBJC_IMPLICIT_RETAIN_SELF = YES;
				CLANG_WARN_OBJC_LITERAL_CONVERSION = YES;
				CLANG_WARN_OBJC_ROOT_CLASS = YES_ERROR;
				CLANG_WARN_QUOTED_INCLUDE_IN_FRAMEWORK_HEADER = YES;
				CLANG_WARN_RANGE_LOOP_ANALYSIS = YES;
				CLANG_WARN_STRICT_PROTOTYPES = YES;
				CLANG_WARN_SUSPICIOUS_MOVE = YES;
				CLANG_WARN_UNGUARDED_AVAILABILITY = YES_AGGRESSIVE;
				CLANG_WARN_UNREACHABLE_CODE = YES;
				CLANG_WARN__DUPLICATE_METHOD_MATCH = YES;
				COPY_PHASE_STRIP = NO;
				DEBUG_INFORMATION_FORMAT = dwarf;
				ENABLE_STRICT_OBJC_MSGSEND = YES;
				ENABLE_TESTABILITY = YES;
				ENABLE_USER_SCRIPT_SANDBOXING = YES;
				GCC_C_LANGUAGE_STANDARD = gnu17;
				GCC_DYNAMIC_NO_PIC = NO;
				GCC_NO_COMMON_BLOCKS = YES;
				GCC_OPTIMIZATION_LEVEL = 0;
				GCC_PREPROCESSOR_DEFINITIONS = (
					"DEBUG=1",
					"$(inherited)",
				);
				GCC_WARN_64_TO_32_BIT_CONVERSION = YES;
				GCC_WARN_ABOUT_RETURN_TYPE = YES_ERROR;
				GCC_WARN_UNDECLARED_SELECTOR = YES;
				GCC_WARN_UNINITIALIZED_AUTOS = YES_AGGRESSIVE;
				GCC_WARN_UNUSED_FUNCTION = YES;
				GCC_WARN_UNUSED_VARIABLE = YES;
				IPHONEOS_DEPLOYMENT_TARGET = 17.5;
				LOCALIZATION_PREFERS_STRING_CATALOGS = YES;
				MTL_ENABLE_DEBUG_INFO = INCLUDE_SOURCE;
				MTL_FAST_MATH = YES;
				ONLY_ACTIVE_ARCH = YES;
				SDKROOT = iphoneos;
				SWIFT_ACTIVE_COMPILATION_CONDITIONS = "DEBUG $(inherited)";
				SWIFT_OPTIMIZATION_LEVEL = "-Onone";
			};
			name = Debug;
		};
		28C0BC0B2BFCD1EB00D26036 /* Release */ = {
			isa = XCBuildConfiguration;
			buildSettings = {
				ALWAYS_SEARCH_USER_PATHS = NO;
				ASSETCATALOG_COMPILER_GENERATE_SWIFT_ASSET_SYMBOL_EXTENSIONS = YES;
				CLANG_ANALYZER_NONNULL = YES;
				CLANG_ANALYZER_NUMBER_OBJECT_CONVERSION = YES_AGGRESSIVE;
				CLANG_CXX_LANGUAGE_STANDARD = "gnu++20";
				CLANG_ENABLE_MODULES = YES;
				CLANG_ENABLE_OBJC_ARC = YES;
				CLANG_ENABLE_OBJC_WEAK = YES;
				CLANG_WARN_BLOCK_CAPTURE_AUTORELEASING = YES;
				CLANG_WARN_BOOL_CONVERSION = YES;
				CLANG_WARN_COMMA = YES;
				CLANG_WARN_CONSTANT_CONVERSION = YES;
				CLANG_WARN_DEPRECATED_OBJC_IMPLEMENTATIONS = YES;
				CLANG_WARN_DIRECT_OBJC_ISA_USAGE = YES_ERROR;
				CLANG_WARN_DOCUMENTATION_COMMENTS = YES;
				CLANG_WARN_EMPTY_BODY = YES;
				CLANG_WARN_ENUM_CONVERSION = YES;
				CLANG_WARN_INFINITE_RECURSION = YES;
				CLANG_WARN_INT_CONVERSION = YES;
				CLANG_WARN_NON_LITERAL_NULL_CONVERSION = YES;
				CLANG_WARN_OBJC_IMPLICIT_RETAIN_SELF = YES;
				CLANG_WARN_OBJC_LITERAL_CONVERSION = YES;
				CLANG_WARN_OBJC_ROOT_CLASS = YES_ERROR;
				CLANG_WARN_QUOTED_INCLUDE_IN_FRAMEWORK_HEADER = YES;
				CLANG_WARN_RANGE_LOOP_ANALYSIS = YES;
				CLANG_WARN_STRICT_PROTOTYPES = YES;
				CLANG_WARN_SUSPICIOUS_MOVE = YES;
				CLANG_WARN_UNGUARDED_AVAILABILITY = YES_AGGRESSIVE;
				CLANG_WARN_UNREACHABLE_CODE = YES;
				CLANG_WARN__DUPLICATE_METHOD_MATCH = YES;
				COPY_PHASE_STRIP = NO;
				DEBUG_INFORMATION_FORMAT = "dwarf-with-dsym";
				ENABLE_NS_ASSERTIONS = NO;
				ENABLE_STRICT_OBJC_MSGSEND = YES;
				ENABLE_USER_SCRIPT_SANDBOXING = YES;
				GCC_C_LANGUAGE_STANDARD = gnu17;
				GCC_NO_COMMON_BLOCKS = YES;
				GCC_WARN_64_TO_32_BIT_CONVERSION = YES;
				GCC_WARN_ABOUT_RETURN_TYPE = YES_ERROR;
				GCC_WARN_UNDECLARED_SELECTOR = YES;
				GCC_WARN_UNINITIALIZED_AUTOS = YES_AGGRESSIVE;
				GCC_WARN_UNUSED_FUNCTION = YES;
				GCC_WARN_UNUSED_VARIABLE = YES;
				IPHONEOS_DEPLOYMENT_TARGET = 17.5;
				LOCALIZATION_PREFERS_STRING_CATALOGS = YES;
				MTL_ENABLE_DEBUG_INFO = NO;
				MTL_FAST_MATH = YES;
				SDKROOT = iphoneos;
				SWIFT_COMPILATION_MODE = wholemodule;
				VALIDATE_PRODUCT = YES;
			};
			name = Release;
		};
		28C0BC0D2BFCD1EB00D26036 /* Debug */ = {
			isa = XCBuildConfiguration;
			buildSettings = {
				ASSETCATALOG_COMPILER_APPICON_NAME = AppIcon;
				ASSETCATALOG_COMPILER_GLOBAL_ACCENT_COLOR_NAME = AccentColor;
				CODE_SIGN_STYLE = Automatic;
				CURRENT_PROJECT_VERSION = 1;
				DEVELOPMENT_ASSET_PATHS = "\"AppleClock/Preview Content\"";
				ENABLE_PREVIEWS = YES;
				GENERATE_INFOPLIST_FILE = YES;
				INFOPLIST_KEY_UIApplicationSceneManifest_Generation = YES;
				INFOPLIST_KEY_UIApplicationSupportsIndirectInputEvents = YES;
				INFOPLIST_KEY_UILaunchScreen_Generation = YES;
				INFOPLIST_KEY_UIStatusBarStyle = UIStatusBarStyleDarkContent;
				INFOPLIST_KEY_UISupportedInterfaceOrientations_iPad = "UIInterfaceOrientationPortrait UIInterfaceOrientationPortraitUpsideDown UIInterfaceOrientationLandscapeLeft UIInterfaceOrientationLandscapeRight";
				INFOPLIST_KEY_UISupportedInterfaceOrientations_iPhone = "UIInterfaceOrientationPortrait UIInterfaceOrientationLandscapeLeft UIInterfaceOrientationLandscapeRight";
				INFOPLIST_KEY_UIUserInterfaceStyle = Dark;
				LD_RUNPATH_SEARCH_PATHS = (
					"$(inherited)",
					"@executable_path/Frameworks",
				);
				MARKETING_VERSION = 1.0;
				PRODUCT_BUNDLE_IDENTIFIER = com.neilallwood.AppleClock;
				PRODUCT_NAME = "$(TARGET_NAME)";
				SUPPORTED_PLATFORMS = "iphoneos iphonesimulator";
				SUPPORTS_MACCATALYST = NO;
				SUPPORTS_MAC_DESIGNED_FOR_IPHONE_IPAD = NO;
				SUPPORTS_XR_DESIGNED_FOR_IPHONE_IPAD = NO;
				SWIFT_EMIT_LOC_STRINGS = YES;
				SWIFT_VERSION = 5.0;
				TARGETED_DEVICE_FAMILY = 1;
			};
			name = Debug;
		};
		28C0BC0E2BFCD1EB00D26036 /* Release */ = {
			isa = XCBuildConfiguration;
			buildSettings = {
				ASSETCATALOG_COMPILER_APPICON_NAME = AppIcon;
				ASSETCATALOG_COMPILER_GLOBAL_ACCENT_COLOR_NAME = AccentColor;
				CODE_SIGN_STYLE = Automatic;
				CURRENT_PROJECT_VERSION = 1;
				DEVELOPMENT_ASSET_PATHS = "\"AppleClock/Preview Content\"";
				ENABLE_PREVIEWS = YES;
				GENERATE_INFOPLIST_FILE = YES;
				INFOPLIST_KEY_UIApplicationSceneManifest_Generation = YES;
				INFOPLIST_KEY_UIApplicationSupportsIndirectInputEvents = YES;
				INFOPLIST_KEY_UILaunchScreen_Generation = YES;
				INFOPLIST_KEY_UIStatusBarStyle = UIStatusBarStyleDarkContent;
				INFOPLIST_KEY_UISupportedInterfaceOrientations_iPad = "UIInterfaceOrientationPortrait UIInterfaceOrientationPortraitUpsideDown UIInterfaceOrientationLandscapeLeft UIInterfaceOrientationLandscapeRight";
				INFOPLIST_KEY_UISupportedInterfaceOrientations_iPhone = "UIInterfaceOrientationPortrait UIInterfaceOrientationLandscapeLeft UIInterfaceOrientationLandscapeRight";
				INFOPLIST_KEY_UIUserInterfaceStyle = Dark;
				LD_RUNPATH_SEARCH_PATHS = (
					"$(inherited)",
					"@executable_path/Frameworks",
				);
				MARKETING_VERSION = 1.0;
				PRODUCT_BUNDLE_IDENTIFIER = com.neilallwood.AppleClock;
				PRODUCT_NAME = "$(TARGET_NAME)";
				SUPPORTED_PLATFORMS = "iphoneos iphonesimulator";
				SUPPORTS_MACCATALYST = NO;
				SUPPORTS_MAC_DESIGNED_FOR_IPHONE_IPAD = NO;
				SUPPORTS_XR_DESIGNED_FOR_IPHONE_IPAD = NO;
				SWIFT_EMIT_LOC_STRINGS = YES;
				SWIFT_VERSION = 5.0;
				TARGETED_DEVICE_FAMILY = 1;
			};
			name = Release;
		};
/* End XCBuildConfiguration section */

/* Begin XCConfigurationList section */
		28C0BBF92BFCD1EA00D26036 /* Build configuration list for PBXProject "AppleClock" */ = {
			isa = XCConfigurationList;
			buildConfigurations = (
				28C0BC0A2BFCD1EB00D26036 /* Debug */,
				28C0BC0B2BFCD1EB00D26036 /* Release */,
			);
			defaultConfigurationIsVisible = 0;
			defaultConfigurationName = Release;
		};
		28C0BC0C2BFCD1EB00D26036 /* Build configuration list for PBXNativeTarget "AppleClock" */ = {
			isa = XCConfigurationList;
			buildConfigurations = (
				28C0BC0D2BFCD1EB00D26036 /* Debug */,
				28C0BC0E2BFCD1EB00D26036 /* Release */,
			);
			defaultConfigurationIsVisible = 0;
			defaultConfigurationName = Release;
		};
/* End XCConfigurationList section */
	};
	rootObject = 28C0BBF62BFCD1EA00D26036 /* Project object */;
}
